
Microsoft Visual Studio Solution File, Format Version 12.00
# Visual Studio Version 17
VisualStudioVersion = 17.13.35806.99 d17.13
MinimumVisualStudioVersion = 10.0.40219.1
Project("{FAE04EC0-301F-11D3-BF4B-00C04F79EFBC}") = "Proyecto_Marcos.Presentacion", "Proyecto_Marcos.Presentacion\Proyecto_Marcos.Presentacion.csproj", "{D598A72B-ABA4-4F9C-91E7-E9D82578D507}"
EndProject
Global
	GlobalSection(SolutionConfigurationPlatforms) = preSolution
		Debug|Any CPU = Debug|Any CPU
		Release|Any CPU = Release|Any CPU
	EndGlobalSection
	GlobalSection(ProjectConfigurationPlatforms) = postSolution
		{D598A72B-ABA4-4F9C-91E7-E9D82578D507}.Debug|Any CPU.ActiveCfg = Debug|Any CPU
		{D598A72B-ABA4-4F9C-91E7-E9D82578D507}.Debug|Any CPU.Build.0 = Debug|Any CPU
		{D598A72B-ABA4-4F9C-91E7-E9D82578D507}.Release|Any CPU.ActiveCfg = Release|Any CPU
		{D598A72B-ABA4-4F9C-91E7-E9D82578D507}.Release|Any CPU.Build.0 = Release|Any CPU
	EndGlobalSection
	GlobalSection(SolutionProperties) = preSolution
		HideSolutionNode = FALSE
	EndGlobalSection
	GlobalSection(ExtensibilityGlobals) = postSolution
		SolutionGuid = {3C79907A-EB17-4414-ACA2-F40F653B8472}
	EndGlobalSection
EndGlobal
